
Microsoft Visual Studio Solution File, Format Version 12.00
# Visual Studio Version 17
VisualStudioVersion = 17.3.32825.248
MinimumVisualStudioVersion = 10.0.40219.1
Project("{FAE04EC0-301F-11D3-BF4B-00C04F79EFBC}") = "ClinicService", "ClinicService\ClinicService.csproj", "{29C6E8A2-54B5-428D-B3B6-068A290DFE6B}"
EndProject
Global
	GlobalSection(SolutionConfigurationPlatforms) = preSolution
		Debug|Any CPU = Debug|Any CPU
		Release|Any CPU = Release|Any CPU
	EndGlobalSection
	GlobalSection(ProjectConfigurationPlatforms) = postSolution
		{29C6E8A2-54B5-428D-B3B6-068A290DFE6B}.Debug|Any CPU.ActiveCfg = Debug|Any CPU
		{29C6E8A2-54B5-428D-B3B6-068A290DFE6B}.Debug|Any CPU.Build.0 = Debug|Any CPU
		{29C6E8A2-54B5-428D-B3B6-068A290DFE6B}.Release|Any CPU.ActiveCfg = Release|Any CPU
		{29C6E8A2-54B5-428D-B3B6-068A290DFE6B}.Release|Any CPU.Build.0 = Release|Any CPU
	EndGlobalSection
	GlobalSection(SolutionProperties) = preSolution
		HideSolutionNode = FALSE
	EndGlobalSection
	GlobalSection(ExtensibilityGlobals) = postSolution
		SolutionGuid = {5C2D8932-0B10-42DB-8CCC-8A9182F04724}
	EndGlobalSection
EndGlobal
