
Microsoft Visual Studio Solution File, Format Version 12.00
# Visual Studio Version 17
VisualStudioVersion = 17.3.32825.248
MinimumVisualStudioVersion = 10.0.40219.1
Project("{9A19103F-16F7-4668-BE54-9A1E7A4F7556}") = "ClinicService", "ClinicService\ClinicService.csproj", "{29C6E8A2-54B5-428D-B3B6-068A290DFE6B}"
EndProject
Project("{9A19103F-16F7-4668-BE54-9A1E7A4F7556}") = "ClinicService.Data", "ClinicService.Data\ClinicService.Data.csproj", "{D48BA11E-F182-4EA9-AC67-46266542B16F}"
EndProject
Project("{FAE04EC0-301F-11D3-BF4B-00C04F79EFBC}") = "ClinicClient", "ClinicClient\ClinicClient.csproj", "{E3B58C65-37ED-4870-A519-AB979D96A888}"
EndProject
Project("{FAE04EC0-301F-11D3-BF4B-00C04F79EFBC}") = "JwtSample", "JwtSample\JwtSample.csproj", "{EB9EDDFD-9AD3-4DC9-83CA-3AF68B8F4486}"
EndProject
Project("{FAE04EC0-301F-11D3-BF4B-00C04F79EFBC}") = "AccountSample", "AccountSample\AccountSample.csproj", "{0D768D45-F70E-41B0-8E4A-9F46FD2134C1}"
EndProject
Global
	GlobalSection(SolutionConfigurationPlatforms) = preSolution
		Debug|Any CPU = Debug|Any CPU
		Release|Any CPU = Release|Any CPU
	EndGlobalSection
	GlobalSection(ProjectConfigurationPlatforms) = postSolution
		{29C6E8A2-54B5-428D-B3B6-068A290DFE6B}.Debug|Any CPU.ActiveCfg = Debug|Any CPU
		{29C6E8A2-54B5-428D-B3B6-068A290DFE6B}.Debug|Any CPU.Build.0 = Debug|Any CPU
		{29C6E8A2-54B5-428D-B3B6-068A290DFE6B}.Release|Any CPU.ActiveCfg = Release|Any CPU
		{29C6E8A2-54B5-428D-B3B6-068A290DFE6B}.Release|Any CPU.Build.0 = Release|Any CPU
		{D48BA11E-F182-4EA9-AC67-46266542B16F}.Debug|Any CPU.ActiveCfg = Debug|Any CPU
		{D48BA11E-F182-4EA9-AC67-46266542B16F}.Debug|Any CPU.Build.0 = Debug|Any CPU
		{D48BA11E-F182-4EA9-AC67-46266542B16F}.Release|Any CPU.ActiveCfg = Release|Any CPU
		{D48BA11E-F182-4EA9-AC67-46266542B16F}.Release|Any CPU.Build.0 = Release|Any CPU
		{E3B58C65-37ED-4870-A519-AB979D96A888}.Debug|Any CPU.ActiveCfg = Debug|Any CPU
		{E3B58C65-37ED-4870-A519-AB979D96A888}.Debug|Any CPU.Build.0 = Debug|Any CPU
		{E3B58C65-37ED-4870-A519-AB979D96A888}.Release|Any CPU.ActiveCfg = Release|Any CPU
		{E3B58C65-37ED-4870-A519-AB979D96A888}.Release|Any CPU.Build.0 = Release|Any CPU
		{EB9EDDFD-9AD3-4DC9-83CA-3AF68B8F4486}.Debug|Any CPU.ActiveCfg = Debug|Any CPU
		{EB9EDDFD-9AD3-4DC9-83CA-3AF68B8F4486}.Debug|Any CPU.Build.0 = Debug|Any CPU
		{EB9EDDFD-9AD3-4DC9-83CA-3AF68B8F4486}.Release|Any CPU.ActiveCfg = Release|Any CPU
		{EB9EDDFD-9AD3-4DC9-83CA-3AF68B8F4486}.Release|Any CPU.Build.0 = Release|Any CPU
		{0D768D45-F70E-41B0-8E4A-9F46FD2134C1}.Debug|Any CPU.ActiveCfg = Debug|Any CPU
		{0D768D45-F70E-41B0-8E4A-9F46FD2134C1}.Debug|Any CPU.Build.0 = Debug|Any CPU
		{0D768D45-F70E-41B0-8E4A-9F46FD2134C1}.Release|Any CPU.ActiveCfg = Release|Any CPU
		{0D768D45-F70E-41B0-8E4A-9F46FD2134C1}.Release|Any CPU.Build.0 = Release|Any CPU
	EndGlobalSection
	GlobalSection(SolutionProperties) = preSolution
		HideSolutionNode = FALSE
	EndGlobalSection
	GlobalSection(ExtensibilityGlobals) = postSolution
		SolutionGuid = {5C2D8932-0B10-42DB-8CCC-8A9182F04724}
	EndGlobalSection
EndGlobal
